// !$*UTF8*$!
{
	archiveVersion = 1;
	classes = {
	};
	objectVersion = 50;
	objects = {

/* Begin PBXBuildFile section */
		74316E20259769B500E341A3 /* ProfileViewController.swift in Sources */ = {isa = PBXBuildFile; fileRef = 74316E1F259769B500E341A3 /* ProfileViewController.swift */; };
		74316E252597896300E341A3 /* ProfileViewModel.swift in Sources */ = {isa = PBXBuildFile; fileRef = 74316E242597896300E341A3 /* ProfileViewModel.swift */; };
		74396F6B25BDBB270068A1C0 /* AppDelegate.swift in Sources */ = {isa = PBXBuildFile; fileRef = 743F713E25862D0700D3BEE2 /* AppDelegate.swift */; };
		74396F6F25BDBB390068A1C0 /* ImageCache.swift in Sources */ = {isa = PBXBuildFile; fileRef = 744368B2258E5F3F0067C077 /* ImageCache.swift */; };
		74396F7325BDBB3C0068A1C0 /* BaseViewController.swift in Sources */ = {isa = PBXBuildFile; fileRef = 743F714225862D0700D3BEE2 /* BaseViewController.swift */; };
		74396F7725BDBB3E0068A1C0 /* UsersListViewController.swift in Sources */ = {isa = PBXBuildFile; fileRef = 746BE7E7258633F300326FF8 /* UsersListViewController.swift */; };
		74396F7B25BDBB410068A1C0 /* ProfileViewController.swift in Sources */ = {isa = PBXBuildFile; fileRef = 74316E1F259769B500E341A3 /* ProfileViewController.swift */; };
		74396F7F25BDBB450068A1C0 /* UsersViewModel.swift in Sources */ = {isa = PBXBuildFile; fileRef = 74436884258E40650067C077 /* UsersViewModel.swift */; };
		74396F8025BDBB450068A1C0 /* ProfileViewModel.swift in Sources */ = {isa = PBXBuildFile; fileRef = 74316E242597896300E341A3 /* ProfileViewModel.swift */; };
		74396F8125BDBB450068A1C0 /* BaseCellViewModel.swift in Sources */ = {isa = PBXBuildFile; fileRef = 744368AC258E52860067C077 /* BaseCellViewModel.swift */; };
		74396F8525BDBB490068A1C0 /* CollectionViewCellConfiguration.swift in Sources */ = {isa = PBXBuildFile; fileRef = 744368A2258E4B6F0067C077 /* CollectionViewCellConfiguration.swift */; };
		74396F8625BDBB490068A1C0 /* LoadingCollectionViewCell.xib in Resources */ = {isa = PBXBuildFile; fileRef = 744368B8258E8C0C0067C077 /* LoadingCollectionViewCell.xib */; };
		74396F8725BDBB490068A1C0 /* UserCollectionViewCell.swift in Sources */ = {isa = PBXBuildFile; fileRef = 74436896258E484C0067C077 /* UserCollectionViewCell.swift */; };
		74396F8825BDBB490068A1C0 /* UserCollectionViewCell.xib in Resources */ = {isa = PBXBuildFile; fileRef = 74436897258E484C0067C077 /* UserCollectionViewCell.xib */; };
		74396F8925BDBB490068A1C0 /* LoadingCollectionViewCell.swift in Sources */ = {isa = PBXBuildFile; fileRef = 744368B7258E8C0C0067C077 /* LoadingCollectionViewCell.swift */; };
		74396F8D25BDBB550068A1C0 /* BaseCell.swift in Sources */ = {isa = PBXBuildFile; fileRef = 744368A7258E4F9C0067C077 /* BaseCell.swift */; };
		74396F9125BDBB580068A1C0 /* AsyncImageView.swift in Sources */ = {isa = PBXBuildFile; fileRef = 7441483625BC334B00AA02DE /* AsyncImageView.swift */; };
		74396F9525BDBB600068A1C0 /* Main.storyboard in Resources */ = {isa = PBXBuildFile; fileRef = 743F714425862D0700D3BEE2 /* Main.storyboard */; };
		74396F9925BDBB640068A1C0 /* LaunchScreen.storyboard in Resources */ = {isa = PBXBuildFile; fileRef = 743F714C25862D0900D3BEE2 /* LaunchScreen.storyboard */; };
		74396F9D25BDBB6A0068A1C0 /* Model.swift in Sources */ = {isa = PBXBuildFile; fileRef = 7443689D258E4B400067C077 /* Model.swift */; };
		74396FA125BDBB6D0068A1C0 /* NetworkManager.swift in Sources */ = {isa = PBXBuildFile; fileRef = 743F717E25862D9200D3BEE2 /* NetworkManager.swift */; };
		74396FA525BDBB710068A1C0 /* SceneDelegate.swift in Sources */ = {isa = PBXBuildFile; fileRef = 743F714025862D0700D3BEE2 /* SceneDelegate.swift */; };
		74396FA925BDBB740068A1C0 /* Assets.xcassets in Resources */ = {isa = PBXBuildFile; fileRef = 743F714A25862D0900D3BEE2 /* Assets.xcassets */; };
		74396FAD25BDC34C0068A1C0 /* GitHub_Users.xcdatamodeld in Sources */ = {isa = PBXBuildFile; fileRef = 743F714725862D0700D3BEE2 /* GitHub_Users.xcdatamodeld */; };
		74396FB225BDC5EF0068A1C0 /* CoreDataTests.swift in Sources */ = {isa = PBXBuildFile; fileRef = 74396FB125BDC5EE0068A1C0 /* CoreDataTests.swift */; };
		743F713F25862D0700D3BEE2 /* AppDelegate.swift in Sources */ = {isa = PBXBuildFile; fileRef = 743F713E25862D0700D3BEE2 /* AppDelegate.swift */; };
		743F714125862D0700D3BEE2 /* SceneDelegate.swift in Sources */ = {isa = PBXBuildFile; fileRef = 743F714025862D0700D3BEE2 /* SceneDelegate.swift */; };
		743F714325862D0700D3BEE2 /* BaseViewController.swift in Sources */ = {isa = PBXBuildFile; fileRef = 743F714225862D0700D3BEE2 /* BaseViewController.swift */; };
		743F714625862D0700D3BEE2 /* Main.storyboard in Resources */ = {isa = PBXBuildFile; fileRef = 743F714425862D0700D3BEE2 /* Main.storyboard */; };
		743F714B25862D0900D3BEE2 /* Assets.xcassets in Resources */ = {isa = PBXBuildFile; fileRef = 743F714A25862D0900D3BEE2 /* Assets.xcassets */; };
		743F714E25862D0900D3BEE2 /* LaunchScreen.storyboard in Resources */ = {isa = PBXBuildFile; fileRef = 743F714C25862D0900D3BEE2 /* LaunchScreen.storyboard */; };
		743F715925862D0A00D3BEE2 /* GitHub_UsersTests.swift in Sources */ = {isa = PBXBuildFile; fileRef = 743F715825862D0A00D3BEE2 /* GitHub_UsersTests.swift */; };
		743F716425862D0A00D3BEE2 /* GitHub_UsersUITests.swift in Sources */ = {isa = PBXBuildFile; fileRef = 743F716325862D0A00D3BEE2 /* GitHub_UsersUITests.swift */; };
		743F717F25862D9200D3BEE2 /* NetworkManager.swift in Sources */ = {isa = PBXBuildFile; fileRef = 743F717E25862D9200D3BEE2 /* NetworkManager.swift */; };
		7441483725BC334B00AA02DE /* AsyncImageView.swift in Sources */ = {isa = PBXBuildFile; fileRef = 7441483625BC334B00AA02DE /* AsyncImageView.swift */; };
		7441484325BC4C1D00AA02DE /* CoreDataManager.swift in Sources */ = {isa = PBXBuildFile; fileRef = 7441484225BC4C1D00AA02DE /* CoreDataManager.swift */; };
		7441484425BC4C1D00AA02DE /* CoreDataManager.swift in Sources */ = {isa = PBXBuildFile; fileRef = 7441484225BC4C1D00AA02DE /* CoreDataManager.swift */; };
		7441485325BC5E4C00AA02DE /* UserModel.swift in Sources */ = {isa = PBXBuildFile; fileRef = 7441485225BC5E4C00AA02DE /* UserModel.swift */; };
		7441485425BC5E4C00AA02DE /* UserModel.swift in Sources */ = {isa = PBXBuildFile; fileRef = 7441485225BC5E4C00AA02DE /* UserModel.swift */; };
		74436885258E40650067C077 /* UsersViewModel.swift in Sources */ = {isa = PBXBuildFile; fileRef = 74436884258E40650067C077 /* UsersViewModel.swift */; };
		74436898258E484C0067C077 /* UserCollectionViewCell.swift in Sources */ = {isa = PBXBuildFile; fileRef = 74436896258E484C0067C077 /* UserCollectionViewCell.swift */; };
		74436899258E484C0067C077 /* UserCollectionViewCell.xib in Resources */ = {isa = PBXBuildFile; fileRef = 74436897258E484C0067C077 /* UserCollectionViewCell.xib */; };
		7443689E258E4B400067C077 /* Model.swift in Sources */ = {isa = PBXBuildFile; fileRef = 7443689D258E4B400067C077 /* Model.swift */; };
		744368A3258E4B6F0067C077 /* CollectionViewCellConfiguration.swift in Sources */ = {isa = PBXBuildFile; fileRef = 744368A2258E4B6F0067C077 /* CollectionViewCellConfiguration.swift */; };
		744368A8258E4F9C0067C077 /* BaseCell.swift in Sources */ = {isa = PBXBuildFile; fileRef = 744368A7258E4F9C0067C077 /* BaseCell.swift */; };
		744368AD258E52860067C077 /* BaseCellViewModel.swift in Sources */ = {isa = PBXBuildFile; fileRef = 744368AC258E52860067C077 /* BaseCellViewModel.swift */; };
		744368B3258E5F3F0067C077 /* ImageCache.swift in Sources */ = {isa = PBXBuildFile; fileRef = 744368B2258E5F3F0067C077 /* ImageCache.swift */; };
		744368B9258E8C0C0067C077 /* LoadingCollectionViewCell.swift in Sources */ = {isa = PBXBuildFile; fileRef = 744368B7258E8C0C0067C077 /* LoadingCollectionViewCell.swift */; };
		744368BA258E8C0C0067C077 /* LoadingCollectionViewCell.xib in Resources */ = {isa = PBXBuildFile; fileRef = 744368B8258E8C0C0067C077 /* LoadingCollectionViewCell.xib */; };
		746BE7E8258633F300326FF8 /* UsersListViewController.swift in Sources */ = {isa = PBXBuildFile; fileRef = 746BE7E7258633F300326FF8 /* UsersListViewController.swift */; };
		74CF50EB259654AD00637874 /* User+CoreDataClass.swift in Sources */ = {isa = PBXBuildFile; fileRef = 74CF50E9259654AD00637874 /* User+CoreDataClass.swift */; };
		74CF50EC259654AD00637874 /* User+CoreDataClass.swift in Sources */ = {isa = PBXBuildFile; fileRef = 74CF50E9259654AD00637874 /* User+CoreDataClass.swift */; };
		74CF510A25966C9900637874 /* GitHub_Users.xcdatamodeld in Sources */ = {isa = PBXBuildFile; fileRef = 743F714725862D0700D3BEE2 /* GitHub_Users.xcdatamodeld */; };
		74CF511225966DCB00637874 /* User+CoreDataProperties.swift in Sources */ = {isa = PBXBuildFile; fileRef = 74CF510F25966DCB00637874 /* User+CoreDataProperties.swift */; };
		74CF511325966DCB00637874 /* User+CoreDataProperties.swift in Sources */ = {isa = PBXBuildFile; fileRef = 74CF510F25966DCB00637874 /* User+CoreDataProperties.swift */; };
/* End PBXBuildFile section */

/* Begin PBXContainerItemProxy section */
		743F715525862D0A00D3BEE2 /* PBXContainerItemProxy */ = {
			isa = PBXContainerItemProxy;
			containerPortal = 743F713325862D0700D3BEE2 /* Project object */;
			proxyType = 1;
			remoteGlobalIDString = 743F713A25862D0700D3BEE2;
			remoteInfo = "GitHub Users";
		};
		743F716025862D0A00D3BEE2 /* PBXContainerItemProxy */ = {
			isa = PBXContainerItemProxy;
			containerPortal = 743F713325862D0700D3BEE2 /* Project object */;
			proxyType = 1;
			remoteGlobalIDString = 743F713A25862D0700D3BEE2;
			remoteInfo = "GitHub Users";
		};
/* End PBXContainerItemProxy section */

/* Begin PBXFileReference section */
		74316E1F259769B500E341A3 /* ProfileViewController.swift */ = {isa = PBXFileReference; lastKnownFileType = sourcecode.swift; path = ProfileViewController.swift; sourceTree = "<group>"; };
		74316E242597896300E341A3 /* ProfileViewModel.swift */ = {isa = PBXFileReference; lastKnownFileType = sourcecode.swift; path = ProfileViewModel.swift; sourceTree = "<group>"; };
		74396FB125BDC5EE0068A1C0 /* CoreDataTests.swift */ = {isa = PBXFileReference; lastKnownFileType = sourcecode.swift; path = CoreDataTests.swift; sourceTree = "<group>"; };
		743F713B25862D0700D3BEE2 /* GitHub Users.app */ = {isa = PBXFileReference; explicitFileType = wrapper.application; includeInIndex = 0; path = "GitHub Users.app"; sourceTree = BUILT_PRODUCTS_DIR; };
		743F713E25862D0700D3BEE2 /* AppDelegate.swift */ = {isa = PBXFileReference; lastKnownFileType = sourcecode.swift; path = AppDelegate.swift; sourceTree = "<group>"; };
		743F714025862D0700D3BEE2 /* SceneDelegate.swift */ = {isa = PBXFileReference; lastKnownFileType = sourcecode.swift; path = SceneDelegate.swift; sourceTree = "<group>"; };
		743F714225862D0700D3BEE2 /* BaseViewController.swift */ = {isa = PBXFileReference; lastKnownFileType = sourcecode.swift; path = BaseViewController.swift; sourceTree = "<group>"; };
		743F714525862D0700D3BEE2 /* Base */ = {isa = PBXFileReference; lastKnownFileType = file.storyboard; name = Base; path = Base.lproj/Main.storyboard; sourceTree = "<group>"; };
		743F714825862D0700D3BEE2 /* GitHub_Users.xcdatamodel */ = {isa = PBXFileReference; lastKnownFileType = wrapper.xcdatamodel; path = GitHub_Users.xcdatamodel; sourceTree = "<group>"; };
		743F714A25862D0900D3BEE2 /* Assets.xcassets */ = {isa = PBXFileReference; lastKnownFileType = folder.assetcatalog; path = Assets.xcassets; sourceTree = "<group>"; };
		743F714D25862D0900D3BEE2 /* Base */ = {isa = PBXFileReference; lastKnownFileType = file.storyboard; name = Base; path = Base.lproj/LaunchScreen.storyboard; sourceTree = "<group>"; };
		743F714F25862D0900D3BEE2 /* Info.plist */ = {isa = PBXFileReference; lastKnownFileType = text.plist.xml; path = Info.plist; sourceTree = "<group>"; };
		743F715425862D0A00D3BEE2 /* GitHub UsersTests.xctest */ = {isa = PBXFileReference; explicitFileType = wrapper.cfbundle; includeInIndex = 0; path = "GitHub UsersTests.xctest"; sourceTree = BUILT_PRODUCTS_DIR; };
		743F715825862D0A00D3BEE2 /* GitHub_UsersTests.swift */ = {isa = PBXFileReference; lastKnownFileType = sourcecode.swift; path = GitHub_UsersTests.swift; sourceTree = "<group>"; };
		743F715A25862D0A00D3BEE2 /* Info.plist */ = {isa = PBXFileReference; lastKnownFileType = text.plist.xml; path = Info.plist; sourceTree = "<group>"; };
		743F715F25862D0A00D3BEE2 /* GitHub UsersUITests.xctest */ = {isa = PBXFileReference; explicitFileType = wrapper.cfbundle; includeInIndex = 0; path = "GitHub UsersUITests.xctest"; sourceTree = BUILT_PRODUCTS_DIR; };
		743F716325862D0A00D3BEE2 /* GitHub_UsersUITests.swift */ = {isa = PBXFileReference; lastKnownFileType = sourcecode.swift; path = GitHub_UsersUITests.swift; sourceTree = "<group>"; };
		743F716525862D0A00D3BEE2 /* Info.plist */ = {isa = PBXFileReference; lastKnownFileType = text.plist.xml; path = Info.plist; sourceTree = "<group>"; };
		743F717E25862D9200D3BEE2 /* NetworkManager.swift */ = {isa = PBXFileReference; lastKnownFileType = sourcecode.swift; path = NetworkManager.swift; sourceTree = "<group>"; };
		7441483625BC334B00AA02DE /* AsyncImageView.swift */ = {isa = PBXFileReference; lastKnownFileType = sourcecode.swift; path = AsyncImageView.swift; sourceTree = "<group>"; };
		7441484225BC4C1D00AA02DE /* CoreDataManager.swift */ = {isa = PBXFileReference; lastKnownFileType = sourcecode.swift; path = CoreDataManager.swift; sourceTree = "<group>"; };
		7441485225BC5E4C00AA02DE /* UserModel.swift */ = {isa = PBXFileReference; lastKnownFileType = sourcecode.swift; path = UserModel.swift; sourceTree = "<group>"; };
		74436884258E40650067C077 /* UsersViewModel.swift */ = {isa = PBXFileReference; lastKnownFileType = sourcecode.swift; path = UsersViewModel.swift; sourceTree = "<group>"; };
		74436896258E484C0067C077 /* UserCollectionViewCell.swift */ = {isa = PBXFileReference; lastKnownFileType = sourcecode.swift; path = UserCollectionViewCell.swift; sourceTree = "<group>"; };
		74436897258E484C0067C077 /* UserCollectionViewCell.xib */ = {isa = PBXFileReference; lastKnownFileType = file.xib; path = UserCollectionViewCell.xib; sourceTree = "<group>"; };
		7443689D258E4B400067C077 /* Model.swift */ = {isa = PBXFileReference; lastKnownFileType = sourcecode.swift; path = Model.swift; sourceTree = "<group>"; };
		744368A2258E4B6F0067C077 /* CollectionViewCellConfiguration.swift */ = {isa = PBXFileReference; lastKnownFileType = sourcecode.swift; path = CollectionViewCellConfiguration.swift; sourceTree = "<group>"; };
		744368A7258E4F9C0067C077 /* BaseCell.swift */ = {isa = PBXFileReference; lastKnownFileType = sourcecode.swift; path = BaseCell.swift; sourceTree = "<group>"; };
		744368AC258E52860067C077 /* BaseCellViewModel.swift */ = {isa = PBXFileReference; lastKnownFileType = sourcecode.swift; path = BaseCellViewModel.swift; sourceTree = "<group>"; };
		744368B2258E5F3F0067C077 /* ImageCache.swift */ = {isa = PBXFileReference; lastKnownFileType = sourcecode.swift; path = ImageCache.swift; sourceTree = "<group>"; };
		744368B7258E8C0C0067C077 /* LoadingCollectionViewCell.swift */ = {isa = PBXFileReference; lastKnownFileType = sourcecode.swift; path = LoadingCollectionViewCell.swift; sourceTree = "<group>"; };
		744368B8258E8C0C0067C077 /* LoadingCollectionViewCell.xib */ = {isa = PBXFileReference; lastKnownFileType = file.xib; path = LoadingCollectionViewCell.xib; sourceTree = "<group>"; };
		746BE7E7258633F300326FF8 /* UsersListViewController.swift */ = {isa = PBXFileReference; lastKnownFileType = sourcecode.swift; path = UsersListViewController.swift; sourceTree = "<group>"; };
		74CF50E9259654AD00637874 /* User+CoreDataClass.swift */ = {isa = PBXFileReference; lastKnownFileType = sourcecode.swift; name = "User+CoreDataClass.swift"; path = "GitHub Users/Model/User+CoreDataClass.swift"; sourceTree = "<group>"; };
		74CF510F25966DCB00637874 /* User+CoreDataProperties.swift */ = {isa = PBXFileReference; lastKnownFileType = sourcecode.swift; path = "User+CoreDataProperties.swift"; sourceTree = "<group>"; };
/* End PBXFileReference section */

/* Begin PBXFrameworksBuildPhase section */
		743F713825862D0700D3BEE2 /* Frameworks */ = {
			isa = PBXFrameworksBuildPhase;
			buildActionMask = 2147483647;
			files = (
			);
			runOnlyForDeploymentPostprocessing = 0;
		};
		743F715125862D0A00D3BEE2 /* Frameworks */ = {
			isa = PBXFrameworksBuildPhase;
			buildActionMask = 2147483647;
			files = (
			);
			runOnlyForDeploymentPostprocessing = 0;
		};
		743F715C25862D0A00D3BEE2 /* Frameworks */ = {
			isa = PBXFrameworksBuildPhase;
			buildActionMask = 2147483647;
			files = (
			);
			runOnlyForDeploymentPostprocessing = 0;
		};
/* End PBXFrameworksBuildPhase section */

/* Begin PBXGroup section */
		743F713225862D0700D3BEE2 = {
			isa = PBXGroup;
			children = (
				74CF510F25966DCB00637874 /* User+CoreDataProperties.swift */,
				74CF50E9259654AD00637874 /* User+CoreDataClass.swift */,
				743F713D25862D0700D3BEE2 /* GitHub Users */,
				743F715725862D0A00D3BEE2 /* GitHub UsersTests */,
				743F716225862D0A00D3BEE2 /* GitHub UsersUITests */,
				743F713C25862D0700D3BEE2 /* Products */,
			);
			sourceTree = "<group>";
		};
		743F713C25862D0700D3BEE2 /* Products */ = {
			isa = PBXGroup;
			children = (
				743F713B25862D0700D3BEE2 /* GitHub Users.app */,
				743F715425862D0A00D3BEE2 /* GitHub UsersTests.xctest */,
				743F715F25862D0A00D3BEE2 /* GitHub UsersUITests.xctest */,
			);
			name = Products;
			sourceTree = "<group>";
		};
		743F713D25862D0700D3BEE2 /* GitHub Users */ = {
			isa = PBXGroup;
			children = (
				744368B1258E5F320067C077 /* Utility */,
				743F718E2586335700D3BEE2 /* View Controller */,
				743F718D2586335100D3BEE2 /* View Model */,
				743F718C2586331600D3BEE2 /* View */,
				743F718325862DC300D3BEE2 /* Model */,
				743F717D25862D7900D3BEE2 /* Networking */,
				743F713E25862D0700D3BEE2 /* AppDelegate.swift */,
				743F714025862D0700D3BEE2 /* SceneDelegate.swift */,
				743F714A25862D0900D3BEE2 /* Assets.xcassets */,
				743F714F25862D0900D3BEE2 /* Info.plist */,
				743F714725862D0700D3BEE2 /* GitHub_Users.xcdatamodeld */,
			);
			path = "GitHub Users";
			sourceTree = "<group>";
		};
		743F715725862D0A00D3BEE2 /* GitHub UsersTests */ = {
			isa = PBXGroup;
			children = (
				74396FB125BDC5EE0068A1C0 /* CoreDataTests.swift */,
				743F715825862D0A00D3BEE2 /* GitHub_UsersTests.swift */,
				743F715A25862D0A00D3BEE2 /* Info.plist */,
			);
			path = "GitHub UsersTests";
			sourceTree = "<group>";
		};
		743F716225862D0A00D3BEE2 /* GitHub UsersUITests */ = {
			isa = PBXGroup;
			children = (
				743F716325862D0A00D3BEE2 /* GitHub_UsersUITests.swift */,
				743F716525862D0A00D3BEE2 /* Info.plist */,
			);
			path = "GitHub UsersUITests";
			sourceTree = "<group>";
		};
		743F717D25862D7900D3BEE2 /* Networking */ = {
			isa = PBXGroup;
			children = (
				743F717E25862D9200D3BEE2 /* NetworkManager.swift */,
			);
			path = Networking;
			sourceTree = "<group>";
		};
		743F718325862DC300D3BEE2 /* Model */ = {
			isa = PBXGroup;
			children = (
				7443689D258E4B400067C077 /* Model.swift */,
				7441485225BC5E4C00AA02DE /* UserModel.swift */,
			);
			path = Model;
			sourceTree = "<group>";
		};
		743F718C2586331600D3BEE2 /* View */ = {
			isa = PBXGroup;
			children = (
				74436895258E48280067C077 /* Collection View Cells */,
				74436889258E474C0067C077 /* Table View Cells */,
				743F714C25862D0900D3BEE2 /* LaunchScreen.storyboard */,
				743F714425862D0700D3BEE2 /* Main.storyboard */,
				744368A7258E4F9C0067C077 /* BaseCell.swift */,
				7441483625BC334B00AA02DE /* AsyncImageView.swift */,
			);
			path = View;
			sourceTree = "<group>";
		};
		743F718D2586335100D3BEE2 /* View Model */ = {
			isa = PBXGroup;
			children = (
				74436884258E40650067C077 /* UsersViewModel.swift */,
				744368AC258E52860067C077 /* BaseCellViewModel.swift */,
				74316E242597896300E341A3 /* ProfileViewModel.swift */,
			);
			path = "View Model";
			sourceTree = "<group>";
		};
		743F718E2586335700D3BEE2 /* View Controller */ = {
			isa = PBXGroup;
			children = (
				743F714225862D0700D3BEE2 /* BaseViewController.swift */,
				746BE7E7258633F300326FF8 /* UsersListViewController.swift */,
				74316E1F259769B500E341A3 /* ProfileViewController.swift */,
			);
			path = "View Controller";
			sourceTree = "<group>";
		};
		74436889258E474C0067C077 /* Table View Cells */ = {
			isa = PBXGroup;
			children = (
			);
			path = "Table View Cells";
			sourceTree = "<group>";
		};
		74436895258E48280067C077 /* Collection View Cells */ = {
			isa = PBXGroup;
			children = (
				74436896258E484C0067C077 /* UserCollectionViewCell.swift */,
				74436897258E484C0067C077 /* UserCollectionViewCell.xib */,
				744368A2258E4B6F0067C077 /* CollectionViewCellConfiguration.swift */,
				744368B7258E8C0C0067C077 /* LoadingCollectionViewCell.swift */,
				744368B8258E8C0C0067C077 /* LoadingCollectionViewCell.xib */,
			);
			path = "Collection View Cells";
			sourceTree = "<group>";
		};
		744368B1258E5F320067C077 /* Utility */ = {
			isa = PBXGroup;
			children = (
				744368B2258E5F3F0067C077 /* ImageCache.swift */,
				7441484225BC4C1D00AA02DE /* CoreDataManager.swift */,
			);
			path = Utility;
			sourceTree = "<group>";
		};
/* End PBXGroup section */

/* Begin PBXNativeTarget section */
		743F713A25862D0700D3BEE2 /* GitHub Users */ = {
			isa = PBXNativeTarget;
			buildConfigurationList = 743F716825862D0A00D3BEE2 /* Build configuration list for PBXNativeTarget "GitHub Users" */;
			buildPhases = (
				743F713725862D0700D3BEE2 /* Sources */,
				743F713825862D0700D3BEE2 /* Frameworks */,
				743F713925862D0700D3BEE2 /* Resources */,
			);
			buildRules = (
			);
			dependencies = (
			);
			name = "GitHub Users";
			productName = "GitHub Users";
			productReference = 743F713B25862D0700D3BEE2 /* GitHub Users.app */;
			productType = "com.apple.product-type.application";
		};
		743F715325862D0A00D3BEE2 /* GitHub UsersTests */ = {
			isa = PBXNativeTarget;
			buildConfigurationList = 743F716B25862D0A00D3BEE2 /* Build configuration list for PBXNativeTarget "GitHub UsersTests" */;
			buildPhases = (
				743F715025862D0A00D3BEE2 /* Sources */,
				743F715125862D0A00D3BEE2 /* Frameworks */,
				743F715225862D0A00D3BEE2 /* Resources */,
			);
			buildRules = (
			);
			dependencies = (
				743F715625862D0A00D3BEE2 /* PBXTargetDependency */,
			);
			name = "GitHub UsersTests";
			productName = "GitHub UsersTests";
			productReference = 743F715425862D0A00D3BEE2 /* GitHub UsersTests.xctest */;
			productType = "com.apple.product-type.bundle.unit-test";
		};
		743F715E25862D0A00D3BEE2 /* GitHub UsersUITests */ = {
			isa = PBXNativeTarget;
			buildConfigurationList = 743F716E25862D0A00D3BEE2 /* Build configuration list for PBXNativeTarget "GitHub UsersUITests" */;
			buildPhases = (
				743F715B25862D0A00D3BEE2 /* Sources */,
				743F715C25862D0A00D3BEE2 /* Frameworks */,
				743F715D25862D0A00D3BEE2 /* Resources */,
			);
			buildRules = (
			);
			dependencies = (
				743F716125862D0A00D3BEE2 /* PBXTargetDependency */,
			);
			name = "GitHub UsersUITests";
			productName = "GitHub UsersUITests";
			productReference = 743F715F25862D0A00D3BEE2 /* GitHub UsersUITests.xctest */;
			productType = "com.apple.product-type.bundle.ui-testing";
		};
/* End PBXNativeTarget section */

/* Begin PBXProject section */
		743F713325862D0700D3BEE2 /* Project object */ = {
			isa = PBXProject;
			attributes = {
				LastSwiftUpdateCheck = 1200;
				LastUpgradeCheck = 1200;
				TargetAttributes = {
					743F713A25862D0700D3BEE2 = {
						CreatedOnToolsVersion = 12.0.1;
					};
					743F715325862D0A00D3BEE2 = {
						CreatedOnToolsVersion = 12.0.1;
						TestTargetID = 743F713A25862D0700D3BEE2;
					};
					743F715E25862D0A00D3BEE2 = {
						CreatedOnToolsVersion = 12.0.1;
						TestTargetID = 743F713A25862D0700D3BEE2;
					};
				};
			};
			buildConfigurationList = 743F713625862D0700D3BEE2 /* Build configuration list for PBXProject "GitHub Users" */;
			compatibilityVersion = "Xcode 9.3";
			developmentRegion = en;
			hasScannedForEncodings = 0;
			knownRegions = (
				en,
				Base,
			);
			mainGroup = 743F713225862D0700D3BEE2;
			productRefGroup = 743F713C25862D0700D3BEE2 /* Products */;
			projectDirPath = "";
			projectRoot = "";
			targets = (
				743F713A25862D0700D3BEE2 /* GitHub Users */,
				743F715325862D0A00D3BEE2 /* GitHub UsersTests */,
				743F715E25862D0A00D3BEE2 /* GitHub UsersUITests */,
			);
		};
/* End PBXProject section */

/* Begin PBXResourcesBuildPhase section */
		743F713925862D0700D3BEE2 /* Resources */ = {
			isa = PBXResourcesBuildPhase;
			buildActionMask = 2147483647;
			files = (
				743F714E25862D0900D3BEE2 /* LaunchScreen.storyboard in Resources */,
				74436899258E484C0067C077 /* UserCollectionViewCell.xib in Resources */,
				744368BA258E8C0C0067C077 /* LoadingCollectionViewCell.xib in Resources */,
				743F714B25862D0900D3BEE2 /* Assets.xcassets in Resources */,
				743F714625862D0700D3BEE2 /* Main.storyboard in Resources */,
			);
			runOnlyForDeploymentPostprocessing = 0;
		};
		743F715225862D0A00D3BEE2 /* Resources */ = {
			isa = PBXResourcesBuildPhase;
			buildActionMask = 2147483647;
			files = (
				74396F9525BDBB600068A1C0 /* Main.storyboard in Resources */,
				74396F9925BDBB640068A1C0 /* LaunchScreen.storyboard in Resources */,
				74396F8625BDBB490068A1C0 /* LoadingCollectionViewCell.xib in Resources */,
				74396F8825BDBB490068A1C0 /* UserCollectionViewCell.xib in Resources */,
				74396FA925BDBB740068A1C0 /* Assets.xcassets in Resources */,
			);
			runOnlyForDeploymentPostprocessing = 0;
		};
		743F715D25862D0A00D3BEE2 /* Resources */ = {
			isa = PBXResourcesBuildPhase;
			buildActionMask = 2147483647;
			files = (
			);
			runOnlyForDeploymentPostprocessing = 0;
		};
/* End PBXResourcesBuildPhase section */

/* Begin PBXSourcesBuildPhase section */
		743F713725862D0700D3BEE2 /* Sources */ = {
			isa = PBXSourcesBuildPhase;
			buildActionMask = 2147483647;
			files = (
				743F714325862D0700D3BEE2 /* BaseViewController.swift in Sources */,
				74316E252597896300E341A3 /* ProfileViewModel.swift in Sources */,
				746BE7E8258633F300326FF8 /* UsersListViewController.swift in Sources */,
				7441483725BC334B00AA02DE /* AsyncImageView.swift in Sources */,
				744368A8258E4F9C0067C077 /* BaseCell.swift in Sources */,
				743F717F25862D9200D3BEE2 /* NetworkManager.swift in Sources */,
				74CF510A25966C9900637874 /* GitHub_Users.xcdatamodeld in Sources */,
				74316E20259769B500E341A3 /* ProfileViewController.swift in Sources */,
				74CF50EB259654AD00637874 /* User+CoreDataClass.swift in Sources */,
				7441485325BC5E4C00AA02DE /* UserModel.swift in Sources */,
				744368AD258E52860067C077 /* BaseCellViewModel.swift in Sources */,
				74CF511225966DCB00637874 /* User+CoreDataProperties.swift in Sources */,
				7441484325BC4C1D00AA02DE /* CoreDataManager.swift in Sources */,
				7443689E258E4B400067C077 /* Model.swift in Sources */,
				74436885258E40650067C077 /* UsersViewModel.swift in Sources */,
				744368A3258E4B6F0067C077 /* CollectionViewCellConfiguration.swift in Sources */,
				74436898258E484C0067C077 /* UserCollectionViewCell.swift in Sources */,
				743F713F25862D0700D3BEE2 /* AppDelegate.swift in Sources */,
				744368B3258E5F3F0067C077 /* ImageCache.swift in Sources */,
				744368B9258E8C0C0067C077 /* LoadingCollectionViewCell.swift in Sources */,
				743F714125862D0700D3BEE2 /* SceneDelegate.swift in Sources */,
			);
			runOnlyForDeploymentPostprocessing = 0;
		};
		743F715025862D0A00D3BEE2 /* Sources */ = {
			isa = PBXSourcesBuildPhase;
			buildActionMask = 2147483647;
			files = (
				743F715925862D0A00D3BEE2 /* GitHub_UsersTests.swift in Sources */,
				74396F7F25BDBB450068A1C0 /* UsersViewModel.swift in Sources */,
				74396FA125BDBB6D0068A1C0 /* NetworkManager.swift in Sources */,
				74396F6F25BDBB390068A1C0 /* ImageCache.swift in Sources */,
				74396F8D25BDBB550068A1C0 /* BaseCell.swift in Sources */,
				74CF511325966DCB00637874 /* User+CoreDataProperties.swift in Sources */,
				74396FA525BDBB710068A1C0 /* SceneDelegate.swift in Sources */,
				74396F8525BDBB490068A1C0 /* CollectionViewCellConfiguration.swift in Sources */,
				7441484425BC4C1D00AA02DE /* CoreDataManager.swift in Sources */,
				74396F7325BDBB3C0068A1C0 /* BaseViewController.swift in Sources */,
				74396F7B25BDBB410068A1C0 /* ProfileViewController.swift in Sources */,
				74396F6B25BDBB270068A1C0 /* AppDelegate.swift in Sources */,
				74396FAD25BDC34C0068A1C0 /* GitHub_Users.xcdatamodeld in Sources */,
				74396F8925BDBB490068A1C0 /* LoadingCollectionViewCell.swift in Sources */,
				74396F8125BDBB450068A1C0 /* BaseCellViewModel.swift in Sources */,
				74396F7725BDBB3E0068A1C0 /* UsersListViewController.swift in Sources */,
				74396F8025BDBB450068A1C0 /* ProfileViewModel.swift in Sources */,
				74396F9D25BDBB6A0068A1C0 /* Model.swift in Sources */,
				74396F9125BDBB580068A1C0 /* AsyncImageView.swift in Sources */,
				74396FB225BDC5EF0068A1C0 /* CoreDataTests.swift in Sources */,
				74396F8725BDBB490068A1C0 /* UserCollectionViewCell.swift in Sources */,
				7441485425BC5E4C00AA02DE /* UserModel.swift in Sources */,
				74CF50EC259654AD00637874 /* User+CoreDataClass.swift in Sources */,
			);
			runOnlyForDeploymentPostprocessing = 0;
		};
		743F715B25862D0A00D3BEE2 /* Sources */ = {
			isa = PBXSourcesBuildPhase;
			buildActionMask = 2147483647;
			files = (
				743F716425862D0A00D3BEE2 /* GitHub_UsersUITests.swift in Sources */,
			);
			runOnlyForDeploymentPostprocessing = 0;
		};
/* End PBXSourcesBuildPhase section */

/* Begin PBXTargetDependency section */
		743F715625862D0A00D3BEE2 /* PBXTargetDependency */ = {
			isa = PBXTargetDependency;
			target = 743F713A25862D0700D3BEE2 /* GitHub Users */;
			targetProxy = 743F715525862D0A00D3BEE2 /* PBXContainerItemProxy */;
		};
		743F716125862D0A00D3BEE2 /* PBXTargetDependency */ = {
			isa = PBXTargetDependency;
			target = 743F713A25862D0700D3BEE2 /* GitHub Users */;
			targetProxy = 743F716025862D0A00D3BEE2 /* PBXContainerItemProxy */;
		};
/* End PBXTargetDependency section */

/* Begin PBXVariantGroup section */
		743F714425862D0700D3BEE2 /* Main.storyboard */ = {
			isa = PBXVariantGroup;
			children = (
				743F714525862D0700D3BEE2 /* Base */,
			);
			name = Main.storyboard;
			sourceTree = "<group>";
		};
		743F714C25862D0900D3BEE2 /* LaunchScreen.storyboard */ = {
			isa = PBXVariantGroup;
			children = (
				743F714D25862D0900D3BEE2 /* Base */,
			);
			name = LaunchScreen.storyboard;
			sourceTree = "<group>";
		};
/* End PBXVariantGroup section */

/* Begin XCBuildConfiguration section */
		743F716625862D0A00D3BEE2 /* Debug */ = {
			isa = XCBuildConfiguration;
			buildSettings = {
				ALWAYS_SEARCH_USER_PATHS = NO;
				CLANG_ANALYZER_NONNULL = YES;
				CLANG_ANALYZER_NUMBER_OBJECT_CONVERSION = YES_AGGRESSIVE;
				CLANG_CXX_LANGUAGE_STANDARD = "gnu++14";
				CLANG_CXX_LIBRARY = "libc++";
				CLANG_ENABLE_MODULES = YES;
				CLANG_ENABLE_OBJC_ARC = YES;
				CLANG_ENABLE_OBJC_WEAK = YES;
				CLANG_WARN_BLOCK_CAPTURE_AUTORELEASING = YES;
				CLANG_WARN_BOOL_CONVERSION = YES;
				CLANG_WARN_COMMA = YES;
				CLANG_WARN_CONSTANT_CONVERSION = YES;
				CLANG_WARN_DEPRECATED_OBJC_IMPLEMENTATIONS = YES;
				CLANG_WARN_DIRECT_OBJC_ISA_USAGE = YES_ERROR;
				CLANG_WARN_DOCUMENTATION_COMMENTS = YES;
				CLANG_WARN_EMPTY_BODY = YES;
				CLANG_WARN_ENUM_CONVERSION = YES;
				CLANG_WARN_INFINITE_RECURSION = YES;
				CLANG_WARN_INT_CONVERSION = YES;
				CLANG_WARN_NON_LITERAL_NULL_CONVERSION = YES;
				CLANG_WARN_OBJC_IMPLICIT_RETAIN_SELF = YES;
				CLANG_WARN_OBJC_LITERAL_CONVERSION = YES;
				CLANG_WARN_OBJC_ROOT_CLASS = YES_ERROR;
				CLANG_WARN_QUOTED_INCLUDE_IN_FRAMEWORK_HEADER = YES;
				CLANG_WARN_RANGE_LOOP_ANALYSIS = YES;
				CLANG_WARN_STRICT_PROTOTYPES = YES;
				CLANG_WARN_SUSPICIOUS_MOVE = YES;
				CLANG_WARN_UNGUARDED_AVAILABILITY = YES_AGGRESSIVE;
				CLANG_WARN_UNREACHABLE_CODE = YES;
				CLANG_WARN__DUPLICATE_METHOD_MATCH = YES;
				COPY_PHASE_STRIP = NO;
				DEBUG_INFORMATION_FORMAT = dwarf;
				ENABLE_STRICT_OBJC_MSGSEND = YES;
				ENABLE_TESTABILITY = YES;
				GCC_C_LANGUAGE_STANDARD = gnu11;
				GCC_DYNAMIC_NO_PIC = NO;
				GCC_NO_COMMON_BLOCKS = YES;
				GCC_OPTIMIZATION_LEVEL = 0;
				GCC_PREPROCESSOR_DEFINITIONS = (
					"DEBUG=1",
					"$(inherited)",
				);
				GCC_WARN_64_TO_32_BIT_CONVERSION = YES;
				GCC_WARN_ABOUT_RETURN_TYPE = YES_ERROR;
				GCC_WARN_UNDECLARED_SELECTOR = YES;
				GCC_WARN_UNINITIALIZED_AUTOS = YES_AGGRESSIVE;
				GCC_WARN_UNUSED_FUNCTION = YES;
				GCC_WARN_UNUSED_VARIABLE = YES;
				IPHONEOS_DEPLOYMENT_TARGET = 13.0;
				MTL_ENABLE_DEBUG_INFO = INCLUDE_SOURCE;
				MTL_FAST_MATH = YES;
				ONLY_ACTIVE_ARCH = YES;
				SDKROOT = iphoneos;
				SWIFT_ACTIVE_COMPILATION_CONDITIONS = DEBUG;
				SWIFT_OPTIMIZATION_LEVEL = "-Onone";
			};
			name = Debug;
		};
		743F716725862D0A00D3BEE2 /* Release */ = {
			isa = XCBuildConfiguration;
			buildSettings = {
				ALWAYS_SEARCH_USER_PATHS = NO;
				CLANG_ANALYZER_NONNULL = YES;
				CLANG_ANALYZER_NUMBER_OBJECT_CONVERSION = YES_AGGRESSIVE;
				CLANG_CXX_LANGUAGE_STANDARD = "gnu++14";
				CLANG_CXX_LIBRARY = "libc++";
				CLANG_ENABLE_MODULES = YES;
				CLANG_ENABLE_OBJC_ARC = YES;
				CLANG_ENABLE_OBJC_WEAK = YES;
				CLANG_WARN_BLOCK_CAPTURE_AUTORELEASING = YES;
				CLANG_WARN_BOOL_CONVERSION = YES;
				CLANG_WARN_COMMA = YES;
				CLANG_WARN_CONSTANT_CONVERSION = YES;
				CLANG_WARN_DEPRECATED_OBJC_IMPLEMENTATIONS = YES;
				CLANG_WARN_DIRECT_OBJC_ISA_USAGE = YES_ERROR;
				CLANG_WARN_DOCUMENTATION_COMMENTS = YES;
				CLANG_WARN_EMPTY_BODY = YES;
				CLANG_WARN_ENUM_CONVERSION = YES;
				CLANG_WARN_INFINITE_RECURSION = YES;
				CLANG_WARN_INT_CONVERSION = YES;
				CLANG_WARN_NON_LITERAL_NULL_CONVERSION = YES;
				CLANG_WARN_OBJC_IMPLICIT_RETAIN_SELF = YES;
				CLANG_WARN_OBJC_LITERAL_CONVERSION = YES;
				CLANG_WARN_OBJC_ROOT_CLASS = YES_ERROR;
				CLANG_WARN_QUOTED_INCLUDE_IN_FRAMEWORK_HEADER = YES;
				CLANG_WARN_RANGE_LOOP_ANALYSIS = YES;
				CLANG_WARN_STRICT_PROTOTYPES = YES;
				CLANG_WARN_SUSPICIOUS_MOVE = YES;
				CLANG_WARN_UNGUARDED_AVAILABILITY = YES_AGGRESSIVE;
				CLANG_WARN_UNREACHABLE_CODE = YES;
				CLANG_WARN__DUPLICATE_METHOD_MATCH = YES;
				COPY_PHASE_STRIP = NO;
				DEBUG_INFORMATION_FORMAT = "dwarf-with-dsym";
				ENABLE_NS_ASSERTIONS = NO;
				ENABLE_STRICT_OBJC_MSGSEND = YES;
				GCC_C_LANGUAGE_STANDARD = gnu11;
				GCC_NO_COMMON_BLOCKS = YES;
				GCC_WARN_64_TO_32_BIT_CONVERSION = YES;
				GCC_WARN_ABOUT_RETURN_TYPE = YES_ERROR;
				GCC_WARN_UNDECLARED_SELECTOR = YES;
				GCC_WARN_UNINITIALIZED_AUTOS = YES_AGGRESSIVE;
				GCC_WARN_UNUSED_FUNCTION = YES;
				GCC_WARN_UNUSED_VARIABLE = YES;
				IPHONEOS_DEPLOYMENT_TARGET = 13.0;
				MTL_ENABLE_DEBUG_INFO = NO;
				MTL_FAST_MATH = YES;
				SDKROOT = iphoneos;
				SWIFT_COMPILATION_MODE = wholemodule;
				SWIFT_OPTIMIZATION_LEVEL = "-O";
				VALIDATE_PRODUCT = YES;
			};
			name = Release;
		};
		743F716925862D0A00D3BEE2 /* Debug */ = {
			isa = XCBuildConfiguration;
			buildSettings = {
				ASSETCATALOG_COMPILER_APPICON_NAME = AppIcon;
				ASSETCATALOG_COMPILER_GLOBAL_ACCENT_COLOR_NAME = AccentColor;
				CODE_SIGN_STYLE = Automatic;
				INFOPLIST_FILE = "GitHub Users/Info.plist";
				LD_RUNPATH_SEARCH_PATHS = (
					"$(inherited)",
					"@executable_path/Frameworks",
				);
				PRODUCT_BUNDLE_IDENTIFIER = "com.atadoruk.GitHub-Users";
				PRODUCT_NAME = "$(TARGET_NAME)";
				SWIFT_VERSION = 5.0;
				TARGETED_DEVICE_FAMILY = "1,2";
			};
			name = Debug;
		};
		743F716A25862D0A00D3BEE2 /* Release */ = {
			isa = XCBuildConfiguration;
			buildSettings = {
				ASSETCATALOG_COMPILER_APPICON_NAME = AppIcon;
				ASSETCATALOG_COMPILER_GLOBAL_ACCENT_COLOR_NAME = AccentColor;
				CODE_SIGN_STYLE = Automatic;
				INFOPLIST_FILE = "GitHub Users/Info.plist";
				LD_RUNPATH_SEARCH_PATHS = (
					"$(inherited)",
					"@executable_path/Frameworks",
				);
				PRODUCT_BUNDLE_IDENTIFIER = "com.atadoruk.GitHub-Users";
				PRODUCT_NAME = "$(TARGET_NAME)";
				SWIFT_VERSION = 5.0;
				TARGETED_DEVICE_FAMILY = "1,2";
			};
			name = Release;
		};
		743F716C25862D0A00D3BEE2 /* Debug */ = {
			isa = XCBuildConfiguration;
			buildSettings = {
				ALWAYS_EMBED_SWIFT_STANDARD_LIBRARIES = YES;
				BUNDLE_LOADER = "$(TEST_HOST)";
				CODE_SIGN_STYLE = Automatic;
				INFOPLIST_FILE = "GitHub UsersTests/Info.plist";
				IPHONEOS_DEPLOYMENT_TARGET = 14.0;
				LD_RUNPATH_SEARCH_PATHS = (
					"$(inherited)",
					"@executable_path/Frameworks",
					"@loader_path/Frameworks",
				);
				PRODUCT_BUNDLE_IDENTIFIER = "com.atadoruk.GitHub-UsersTests";
				PRODUCT_NAME = "$(TARGET_NAME)";
				SWIFT_VERSION = 5.0;
				TARGETED_DEVICE_FAMILY = "1,2";
				TEST_HOST = "$(BUILT_PRODUCTS_DIR)/GitHub Users.app/GitHub Users";
			};
			name = Debug;
		};
		743F716D25862D0A00D3BEE2 /* Release */ = {
			isa = XCBuildConfiguration;
			buildSettings = {
				ALWAYS_EMBED_SWIFT_STANDARD_LIBRARIES = YES;
				BUNDLE_LOADER = "$(TEST_HOST)";
				CODE_SIGN_STYLE = Automatic;
				INFOPLIST_FILE = "GitHub UsersTests/Info.plist";
				IPHONEOS_DEPLOYMENT_TARGET = 14.0;
				LD_RUNPATH_SEARCH_PATHS = (
					"$(inherited)",
					"@executable_path/Frameworks",
					"@loader_path/Frameworks",
				);
				PRODUCT_BUNDLE_IDENTIFIER = "com.atadoruk.GitHub-UsersTests";
				PRODUCT_NAME = "$(TARGET_NAME)";
				SWIFT_VERSION = 5.0;
				TARGETED_DEVICE_FAMILY = "1,2";
				TEST_HOST = "$(BUILT_PRODUCTS_DIR)/GitHub Users.app/GitHub Users";
			};
			name = Release;
		};
		743F716F25862D0A00D3BEE2 /* Debug */ = {
			isa = XCBuildConfiguration;
			buildSettings = {
				ALWAYS_EMBED_SWIFT_STANDARD_LIBRARIES = YES;
				CODE_SIGN_STYLE = Automatic;
				INFOPLIST_FILE = "GitHub UsersUITests/Info.plist";
				LD_RUNPATH_SEARCH_PATHS = (
					"$(inherited)",
					"@executable_path/Frameworks",
					"@loader_path/Frameworks",
				);
				PRODUCT_BUNDLE_IDENTIFIER = "com.atadoruk.GitHub-UsersUITests";
				PRODUCT_NAME = "$(TARGET_NAME)";
				SWIFT_VERSION = 5.0;
				TARGETED_DEVICE_FAMILY = "1,2";
				TEST_TARGET_NAME = "GitHub Users";
			};
			name = Debug;
		};
		743F717025862D0A00D3BEE2 /* Release */ = {
			isa = XCBuildConfiguration;
			buildSettings = {
				ALWAYS_EMBED_SWIFT_STANDARD_LIBRARIES = YES;
				CODE_SIGN_STYLE = Automatic;
				INFOPLIST_FILE = "GitHub UsersUITests/Info.plist";
				LD_RUNPATH_SEARCH_PATHS = (
					"$(inherited)",
					"@executable_path/Frameworks",
					"@loader_path/Frameworks",
				);
				PRODUCT_BUNDLE_IDENTIFIER = "com.atadoruk.GitHub-UsersUITests";
				PRODUCT_NAME = "$(TARGET_NAME)";
				SWIFT_VERSION = 5.0;
				TARGETED_DEVICE_FAMILY = "1,2";
				TEST_TARGET_NAME = "GitHub Users";
			};
			name = Release;
		};
/* End XCBuildConfiguration section */

/* Begin XCConfigurationList section */
		743F713625862D0700D3BEE2 /* Build configuration list for PBXProject "GitHub Users" */ = {
			isa = XCConfigurationList;
			buildConfigurations = (
				743F716625862D0A00D3BEE2 /* Debug */,
				743F716725862D0A00D3BEE2 /* Release */,
			);
			defaultConfigurationIsVisible = 0;
			defaultConfigurationName = Release;
		};
		743F716825862D0A00D3BEE2 /* Build configuration list for PBXNativeTarget "GitHub Users" */ = {
			isa = XCConfigurationList;
			buildConfigurations = (
				743F716925862D0A00D3BEE2 /* Debug */,
				743F716A25862D0A00D3BEE2 /* Release */,
			);
			defaultConfigurationIsVisible = 0;
			defaultConfigurationName = Release;
		};
		743F716B25862D0A00D3BEE2 /* Build configuration list for PBXNativeTarget "GitHub UsersTests" */ = {
			isa = XCConfigurationList;
			buildConfigurations = (
				743F716C25862D0A00D3BEE2 /* Debug */,
				743F716D25862D0A00D3BEE2 /* Release */,
			);
			defaultConfigurationIsVisible = 0;
			defaultConfigurationName = Release;
		};
		743F716E25862D0A00D3BEE2 /* Build configuration list for PBXNativeTarget "GitHub UsersUITests" */ = {
			isa = XCConfigurationList;
			buildConfigurations = (
				743F716F25862D0A00D3BEE2 /* Debug */,
				743F717025862D0A00D3BEE2 /* Release */,
			);
			defaultConfigurationIsVisible = 0;
			defaultConfigurationName = Release;
		};
/* End XCConfigurationList section */

/* Begin XCVersionGroup section */
		743F714725862D0700D3BEE2 /* GitHub_Users.xcdatamodeld */ = {
			isa = XCVersionGroup;
			children = (
				743F714825862D0700D3BEE2 /* GitHub_Users.xcdatamodel */,
			);
			currentVersion = 743F714825862D0700D3BEE2 /* GitHub_Users.xcdatamodel */;
			path = GitHub_Users.xcdatamodeld;
			sourceTree = "<group>";
			versionGroupType = wrapper.xcdatamodel;
		};
/* End XCVersionGroup section */
	};
	rootObject = 743F713325862D0700D3BEE2 /* Project object */;
}
